
Microsoft Visual Studio Solution File, Format Version 12.00
# Visual Studio 15
VisualStudioVersion = 15.0.28307.421
MinimumVisualStudioVersion = 10.0.40219.1
Project("{FAE04EC0-301F-11D3-BF4B-00C04F79EFBC}") = "A1S3", "A1S3\A1S3.csproj", "{4DF01A0F-71B6-4020-A181-E85F28EE8C48}"
EndProject
Project("{FAE04EC0-301F-11D3-BF4B-00C04F79EFBC}") = "A1S3Tests", "A1S3Tests\A1S3Tests.csproj", "{8252177B-227D-4F4B-8374-30ED79ADC32A}"
EndProject
Global
	GlobalSection(SolutionConfigurationPlatforms) = preSolution
		Debug|Any CPU = Debug|Any CPU
		Release|Any CPU = Release|Any CPU
	EndGlobalSection
	GlobalSection(ProjectConfigurationPlatforms) = postSolution
		{4DF01A0F-71B6-4020-A181-E85F28EE8C48}.Debug|Any CPU.ActiveCfg = Debug|Any CPU
		{4DF01A0F-71B6-4020-A181-E85F28EE8C48}.Debug|Any CPU.Build.0 = Debug|Any CPU
		{4DF01A0F-71B6-4020-A181-E85F28EE8C48}.Release|Any CPU.ActiveCfg = Release|Any CPU
		{4DF01A0F-71B6-4020-A181-E85F28EE8C48}.Release|Any CPU.Build.0 = Release|Any CPU
		{8252177B-227D-4F4B-8374-30ED79ADC32A}.Debug|Any CPU.ActiveCfg = Debug|Any CPU
		{8252177B-227D-4F4B-8374-30ED79ADC32A}.Debug|Any CPU.Build.0 = Debug|Any CPU
		{8252177B-227D-4F4B-8374-30ED79ADC32A}.Release|Any CPU.ActiveCfg = Release|Any CPU
		{8252177B-227D-4F4B-8374-30ED79ADC32A}.Release|Any CPU.Build.0 = Release|Any CPU
	EndGlobalSection
	GlobalSection(SolutionProperties) = preSolution
		HideSolutionNode = FALSE
	EndGlobalSection
	GlobalSection(ExtensibilityGlobals) = postSolution
		SolutionGuid = {129F51A2-2A94-40AC-AF0D-FEC2E5BE7F92}
	EndGlobalSection
EndGlobal
