
Microsoft Visual Studio Solution File, Format Version 12.00
# Visual Studio 15
VisualStudioVersion = 15.0.28307.421
MinimumVisualStudioVersion = 10.0.40219.1
Project("{FAE04EC0-301F-11D3-BF4B-00C04F79EFBC}") = "A2", "A2\A2.csproj", "{76034192-EE47-4A50-8AF9-2CF9686CC3DE}"
EndProject
Project("{FAE04EC0-301F-11D3-BF4B-00C04F79EFBC}") = "A2Tests", "A2Tests\A2Tests.csproj", "{404DAC3D-D50B-48FA-8B2B-B9BC9CC83FB9}"
EndProject
Global
	GlobalSection(SolutionConfigurationPlatforms) = preSolution
		Debug|Any CPU = Debug|Any CPU
		Release|Any CPU = Release|Any CPU
	EndGlobalSection
	GlobalSection(ProjectConfigurationPlatforms) = postSolution
		{76034192-EE47-4A50-8AF9-2CF9686CC3DE}.Debug|Any CPU.ActiveCfg = Debug|Any CPU
		{76034192-EE47-4A50-8AF9-2CF9686CC3DE}.Debug|Any CPU.Build.0 = Debug|Any CPU
		{76034192-EE47-4A50-8AF9-2CF9686CC3DE}.Release|Any CPU.ActiveCfg = Release|Any CPU
		{76034192-EE47-4A50-8AF9-2CF9686CC3DE}.Release|Any CPU.Build.0 = Release|Any CPU
		{404DAC3D-D50B-48FA-8B2B-B9BC9CC83FB9}.Debug|Any CPU.ActiveCfg = Debug|Any CPU
		{404DAC3D-D50B-48FA-8B2B-B9BC9CC83FB9}.Debug|Any CPU.Build.0 = Debug|Any CPU
		{404DAC3D-D50B-48FA-8B2B-B9BC9CC83FB9}.Release|Any CPU.ActiveCfg = Release|Any CPU
		{404DAC3D-D50B-48FA-8B2B-B9BC9CC83FB9}.Release|Any CPU.Build.0 = Release|Any CPU
	EndGlobalSection
	GlobalSection(SolutionProperties) = preSolution
		HideSolutionNode = FALSE
	EndGlobalSection
	GlobalSection(ExtensibilityGlobals) = postSolution
		SolutionGuid = {521BCBC8-3599-4F5F-876B-636272DB732B}
	EndGlobalSection
EndGlobal
